github.com/go-sql-driver/mysql v1.5.0 h1:ozyZYNQW3x3HtqT1jira07DN2PArx2v7/mN66gGcHOs=
github.com/go-sql-driver/mysql v1.5.0/go.mod h1:DCzpHaOWr8IXmIStZouvnhqoel9Qv2LBy8hT2VhHyBg=
github.com/squeeze69/dbf v0.0.0-20210214210813-6ac9dad7ffab h1:WnB9DT4oajTb0Ril604GxTllKV7/5IlUxdVnOz5jwYU=
github.com/squeeze69/dbf v0.0.0-20210214210813-6ac9dad7ffab/go.mod h1:+61+TwSfzuOt4IFqyKd2skcVIGx1xDZ+i2JJozr5bX0=
